
Microsoft Visual Studio Solution File, Format Version 12.00
# Visual Studio Version 16
VisualStudioVersion = 16.0.29318.209
MinimumVisualStudioVersion = 10.0.40219.1
Project("{FAE04EC0-301F-11D3-BF4B-00C04F79EFBC}") = "RateAppWebProject", "RateAppWebProject\RateAppWebProject.csproj", "{21497BAB-A8BA-41EB-A3EC-7D142CDFB493}"
EndProject
Global
	GlobalSection(SolutionConfigurationPlatforms) = preSolution
		Debug|Any CPU = Debug|Any CPU
		Release|Any CPU = Release|Any CPU
	EndGlobalSection
	GlobalSection(ProjectConfigurationPlatforms) = postSolution
		{21497BAB-A8BA-41EB-A3EC-7D142CDFB493}.Debug|Any CPU.ActiveCfg = Debug|Any CPU
		{21497BAB-A8BA-41EB-A3EC-7D142CDFB493}.Debug|Any CPU.Build.0 = Debug|Any CPU
		{21497BAB-A8BA-41EB-A3EC-7D142CDFB493}.Release|Any CPU.ActiveCfg = Release|Any CPU
		{21497BAB-A8BA-41EB-A3EC-7D142CDFB493}.Release|Any CPU.Build.0 = Release|Any CPU
	EndGlobalSection
	GlobalSection(SolutionProperties) = preSolution
		HideSolutionNode = FALSE
	EndGlobalSection
	GlobalSection(ExtensibilityGlobals) = postSolution
		SolutionGuid = {53C6DA20-5D20-4614-ABAF-A7D57AE41882}
	EndGlobalSection
EndGlobal
